{
  "requires": true,
  "lockfileVersion": 1,
  "dependencies": {
    "moment": {
      "version": "2.29.1",
      "resolved": "https://registry.npmjs.org/moment/-/moment-2.29.1.tgz",
      "integrity": "sha512-kHmoybcPV8Sqy59DwNDY3Jefr64lK/by/da0ViFcuA4DH0vQg5Q6Ze5VimxkfQNSC+Mls/Kx53s7TjP1RhFEDQ=="
    },
    "ms": {
      "version": "2.1.2",
      "resolved": "https://registry.npmjs.org/ms/-/ms-2.1.2.tgz",
      "integrity": "sha512-sGkPx+VjMtmA6MX27oA4FBFELFCZZ4S4XqeGOXCv68tT+jb3vk/RyaKWP0PTKyWtmLSM0b+adUTEvbs1PEaH2w=="
    },
    "react-stopwatch": {
      "version": "2.0.4",
      "resolved": "https://registry.npmjs.org/react-stopwatch/-/react-stopwatch-2.0.4.tgz",
      "integrity": "sha512-FBF5MS3ODWbGWi7f5wkspMuazZFBZTdUZ2Qgjct7k6tnicHTuUdY1v//MmB3PKmFDX5wrtU++DhTO3ARGVr2wQ==",
      "requires": {
        "ms": "^2.1.2"
      }
    }
  }
}
